
Microsoft Visual Studio Solution File, Format Version 12.00
# Visual Studio Version 16
VisualStudioVersion = 16.0.28711.60
MinimumVisualStudioVersion = 10.0.40219.1
Project("{9A19103F-16F7-4668-BE54-9A1E7A4F7556}") = "TunnelRelay.Plugins", "TunnelRelay.Plugins\TunnelRelay.Plugins.csproj", "{5EB32488-8C81-4E8F-ACFF-2C457F5F95F1}"
EndProject
Project("{9A19103F-16F7-4668-BE54-9A1E7A4F7556}") = "TunnelRelay.Core", "TunnelRelay.Core\TunnelRelay.Core.csproj", "{165BB633-EE2D-473C-9D5C-BE92E02FC5CA}"
EndProject
Project("{2150E333-8FDC-42A3-9474-1A3956D46DE8}") = "UI", "UI", "{93A42E82-8F83-4AD0-96A5-D0CF6A30483B}"
EndProject
Project("{9A19103F-16F7-4668-BE54-9A1E7A4F7556}") = "TunnelRelay.Windows", "UI\TunnelRelay.Windows\TunnelRelay.Windows.csproj", "{1D6E50C4-1F9F-4F8A-8916-D3AEABA4A8E0}"
EndProject
Project("{930C7802-8A8C-48F9-8165-68863BCCD9DD}") = "TunnelRelay.Windows.MSI", "UI\Packager\TunnelRelay.Windows.MSI.wixproj", "{EF5556A2-CA67-4117-8945-269E7EC0640C}"
	ProjectSection(ProjectDependencies) = postProject
		{1D6E50C4-1F9F-4F8A-8916-D3AEABA4A8E0} = {1D6E50C4-1F9F-4F8A-8916-D3AEABA4A8E0}
	EndProjectSection
EndProject
Project("{9A19103F-16F7-4668-BE54-9A1E7A4F7556}") = "TunnelRelay.Console", "UI\TunnelRelay.Console\TunnelRelay.Console.csproj", "{6E35432C-F695-4AE0-AA2F-6E49BC7A16C1}"
EndProject
Project("{D954291E-2A0B-460D-934E-DC6B0785DB48}") = "TunnelRelay.UI.Shared", "UI\TunnelRelay.UI.Shared\TunnelRelay.UI.Shared.shproj", "{11936A45-1D0E-4566-96CA-4F0904654475}"
EndProject
Global
	GlobalSection(SharedMSBuildProjectFiles) = preSolution
		UI\TunnelRelay.UI.Shared\TunnelRelay.UI.Shared.projitems*{11936a45-1d0e-4566-96ca-4f0904654475}*SharedItemsImports = 13
		UI\TunnelRelay.UI.Shared\TunnelRelay.UI.Shared.projitems*{1d6e50c4-1f9f-4f8a-8916-d3aeaba4a8e0}*SharedItemsImports = 4
	EndGlobalSection
	GlobalSection(SolutionConfigurationPlatforms) = preSolution
		Debug|Any CPU = Debug|Any CPU
		Release|Any CPU = Release|Any CPU
	EndGlobalSection
	GlobalSection(ProjectConfigurationPlatforms) = postSolution
		{5EB32488-8C81-4E8F-ACFF-2C457F5F95F1}.Debug|Any CPU.ActiveCfg = Debug|Any CPU
		{5EB32488-8C81-4E8F-ACFF-2C457F5F95F1}.Debug|Any CPU.Build.0 = Debug|Any CPU
		{5EB32488-8C81-4E8F-ACFF-2C457F5F95F1}.Release|Any CPU.ActiveCfg = Release|Any CPU
		{5EB32488-8C81-4E8F-ACFF-2C457F5F95F1}.Release|Any CPU.Build.0 = Release|Any CPU
		{165BB633-EE2D-473C-9D5C-BE92E02FC5CA}.Debug|Any CPU.ActiveCfg = Debug|Any CPU
		{165BB633-EE2D-473C-9D5C-BE92E02FC5CA}.Debug|Any CPU.Build.0 = Debug|Any CPU
		{165BB633-EE2D-473C-9D5C-BE92E02FC5CA}.Release|Any CPU.ActiveCfg = Release|Any CPU
		{165BB633-EE2D-473C-9D5C-BE92E02FC5CA}.Release|Any CPU.Build.0 = Release|Any CPU
		{1D6E50C4-1F9F-4F8A-8916-D3AEABA4A8E0}.Debug|Any CPU.ActiveCfg = Debug|Any CPU
		{1D6E50C4-1F9F-4F8A-8916-D3AEABA4A8E0}.Debug|Any CPU.Build.0 = Debug|Any CPU
		{1D6E50C4-1F9F-4F8A-8916-D3AEABA4A8E0}.Release|Any CPU.ActiveCfg = Release|Any CPU
		{1D6E50C4-1F9F-4F8A-8916-D3AEABA4A8E0}.Release|Any CPU.Build.0 = Release|Any CPU
		{EF5556A2-CA67-4117-8945-269E7EC0640C}.Debug|Any CPU.ActiveCfg = Debug|x86
		{EF5556A2-CA67-4117-8945-269E7EC0640C}.Debug|Any CPU.Build.0 = Debug|x86
		{EF5556A2-CA67-4117-8945-269E7EC0640C}.Release|Any CPU.ActiveCfg = Release|x86
		{EF5556A2-CA67-4117-8945-269E7EC0640C}.Release|Any CPU.Build.0 = Release|x86
		{6E35432C-F695-4AE0-AA2F-6E49BC7A16C1}.Debug|Any CPU.ActiveCfg = Debug|Any CPU
		{6E35432C-F695-4AE0-AA2F-6E49BC7A16C1}.Debug|Any CPU.Build.0 = Debug|Any CPU
		{6E35432C-F695-4AE0-AA2F-6E49BC7A16C1}.Release|Any CPU.ActiveCfg = Release|Any CPU
		{6E35432C-F695-4AE0-AA2F-6E49BC7A16C1}.Release|Any CPU.Build.0 = Release|Any CPU
	EndGlobalSection
	GlobalSection(SolutionProperties) = preSolution
		HideSolutionNode = FALSE
	EndGlobalSection
	GlobalSection(NestedProjects) = preSolution
		{1D6E50C4-1F9F-4F8A-8916-D3AEABA4A8E0} = {93A42E82-8F83-4AD0-96A5-D0CF6A30483B}
		{EF5556A2-CA67-4117-8945-269E7EC0640C} = {93A42E82-8F83-4AD0-96A5-D0CF6A30483B}
		{6E35432C-F695-4AE0-AA2F-6E49BC7A16C1} = {93A42E82-8F83-4AD0-96A5-D0CF6A30483B}
		{11936A45-1D0E-4566-96CA-4F0904654475} = {93A42E82-8F83-4AD0-96A5-D0CF6A30483B}
	EndGlobalSection
	GlobalSection(ExtensibilityGlobals) = postSolution
		SolutionGuid = {9A54A758-13AB-4B23-850F-8730A662F763}
	EndGlobalSection
EndGlobal
